PODS:
  - ZXingObjC (3.6.5):
    - ZXingObjC/All (= 3.6.5)
  - ZXingObjC/All (3.6.5)

DEPENDENCIES:
  - ZXingObjC (~> 3.6.4)

SPEC REPOS:
  https://github.com/cocoapods/specs.git:
    - ZXingObjC

SPEC CHECKSUMS:
  ZXingObjC: fdbb269f25dd2032da343e06f10224d62f537bdb

PODFILE CHECKSUM: 7a27caae59e1e51aa162a82ae71f7484c490ed07

COCOAPODS: 1.7.5
